// !$*UTF8*$!
{
	archiveVersion = 1;
	classes = {
	};
	objectVersion = 55;
	objects = {

/* Begin PBXBuildFile section */
		B90766FD2833066700CDB088 /* MovieModel.swift in Sources */ = {isa = PBXBuildFile; fileRef = B90766FC2833066700CDB088 /* MovieModel.swift */; };
		B90766FF2833067500CDB088 /* MovieDetailModel.swift in Sources */ = {isa = PBXBuildFile; fileRef = B90766FE2833067500CDB088 /* MovieDetailModel.swift */; };
		B90767012833086900CDB088 /* Services.swift in Sources */ = {isa = PBXBuildFile; fileRef = B90767002833086900CDB088 /* Services.swift */; };
		B9076704283308D600CDB088 /* Constant.swift in Sources */ = {isa = PBXBuildFile; fileRef = B9076703283308D600CDB088 /* Constant.swift */; };
		B90767072833092900CDB088 /* NetworkConstant.swift in Sources */ = {isa = PBXBuildFile; fileRef = B90767062833092900CDB088 /* NetworkConstant.swift */; };
		B95A86A528304EEB00BCD87C /* Alamofire in Frameworks */ = {isa = PBXBuildFile; productRef = B95A86A428304EEB00BCD87C /* Alamofire */; };
		B95A86A828304EFB00BCD87C /* Kingfisher in Frameworks */ = {isa = PBXBuildFile; productRef = B95A86A728304EFB00BCD87C /* Kingfisher */; };
		B95A86AB28304F0F00BCD87C /* SnapKit in Frameworks */ = {isa = PBXBuildFile; productRef = B95A86AA28304F0F00BCD87C /* SnapKit */; };
		B9C2E1F628382AB000EBAA8F /* Color.swift in Sources */ = {isa = PBXBuildFile; fileRef = B9C2E1F528382AB000EBAA8F /* Color.swift */; };
		B9D58EDC28307B3200BD8025 /* NavigationController + Extension.swift in Sources */ = {isa = PBXBuildFile; fileRef = B9D58EDB28307B3200BD8025 /* NavigationController + Extension.swift */; };
		B9F5C3722830441000F41B09 /* AppDelegate.swift in Sources */ = {isa = PBXBuildFile; fileRef = B9F5C3712830441000F41B09 /* AppDelegate.swift */; };
		B9F5C3742830441000F41B09 /* SceneDelegate.swift in Sources */ = {isa = PBXBuildFile; fileRef = B9F5C3732830441000F41B09 /* SceneDelegate.swift */; };
		B9F5C37B2830441100F41B09 /* Assets.xcassets in Resources */ = {isa = PBXBuildFile; fileRef = B9F5C37A2830441100F41B09 /* Assets.xcassets */; };
		B9F5C37E2830441100F41B09 /* LaunchScreen.storyboard in Resources */ = {isa = PBXBuildFile; fileRef = B9F5C37C2830441100F41B09 /* LaunchScreen.storyboard */; };
		B9F5C38F28304BE700F41B09 /* MovieHomeController.swift in Sources */ = {isa = PBXBuildFile; fileRef = B9F5C38E28304BE700F41B09 /* MovieHomeController.swift */; };
		B9F5C39128304C0600F41B09 /* MovieHomeViewModel.swift in Sources */ = {isa = PBXBuildFile; fileRef = B9F5C39028304C0600F41B09 /* MovieHomeViewModel.swift */; };
		B9F5C39328304C5700F41B09 /* MovieDetailController.swift in Sources */ = {isa = PBXBuildFile; fileRef = B9F5C39228304C5700F41B09 /* MovieDetailController.swift */; };
		B9F5C39728304CA400F41B09 /* MovieHomeTableViewCell.swift in Sources */ = {isa = PBXBuildFile; fileRef = B9F5C39628304CA400F41B09 /* MovieHomeTableViewCell.swift */; };
/* End PBXBuildFile section */

/* Begin PBXFileReference section */
		B90766FC2833066700CDB088 /* MovieModel.swift */ = {isa = PBXFileReference; lastKnownFileType = sourcecode.swift; path = MovieModel.swift; sourceTree = "<group>"; };
		B90766FE2833067500CDB088 /* MovieDetailModel.swift */ = {isa = PBXFileReference; lastKnownFileType = sourcecode.swift; path = MovieDetailModel.swift; sourceTree = "<group>"; };
		B90767002833086900CDB088 /* Services.swift */ = {isa = PBXFileReference; lastKnownFileType = sourcecode.swift; path = Services.swift; sourceTree = "<group>"; };
		B9076703283308D600CDB088 /* Constant.swift */ = {isa = PBXFileReference; lastKnownFileType = sourcecode.swift; path = Constant.swift; sourceTree = "<group>"; };
		B90767062833092900CDB088 /* NetworkConstant.swift */ = {isa = PBXFileReference; lastKnownFileType = sourcecode.swift; path = NetworkConstant.swift; sourceTree = "<group>"; };
		B9C2E1F528382AB000EBAA8F /* Color.swift */ = {isa = PBXFileReference; lastKnownFileType = sourcecode.swift; path = Color.swift; sourceTree = "<group>"; };
		B9D58EDB28307B3200BD8025 /* NavigationController + Extension.swift */ = {isa = PBXFileReference; lastKnownFileType = sourcecode.swift; path = "NavigationController + Extension.swift"; sourceTree = "<group>"; };
		B9F5C36E2830441000F41B09 /* mp-mvvm-basic-movie-app.app */ = {isa = PBXFileReference; explicitFileType = wrapper.application; includeInIndex = 0; path = "mp-mvvm-basic-movie-app.app"; sourceTree = BUILT_PRODUCTS_DIR; };
		B9F5C3712830441000F41B09 /* AppDelegate.swift */ = {isa = PBXFileReference; lastKnownFileType = sourcecode.swift; path = AppDelegate.swift; sourceTree = "<group>"; };
		B9F5C3732830441000F41B09 /* SceneDelegate.swift */ = {isa = PBXFileReference; lastKnownFileType = sourcecode.swift; path = SceneDelegate.swift; sourceTree = "<group>"; };
		B9F5C37A2830441100F41B09 /* Assets.xcassets */ = {isa = PBXFileReference; lastKnownFileType = folder.assetcatalog; path = Assets.xcassets; sourceTree = "<group>"; };
		B9F5C37D2830441100F41B09 /* Base */ = {isa = PBXFileReference; lastKnownFileType = file.storyboard; name = Base; path = Base.lproj/LaunchScreen.storyboard; sourceTree = "<group>"; };
		B9F5C37F2830441100F41B09 /* Info.plist */ = {isa = PBXFileReference; lastKnownFileType = text.plist.xml; path = Info.plist; sourceTree = "<group>"; };
		B9F5C38E28304BE700F41B09 /* MovieHomeController.swift */ = {isa = PBXFileReference; lastKnownFileType = sourcecode.swift; path = MovieHomeController.swift; sourceTree = "<group>"; };
		B9F5C39028304C0600F41B09 /* MovieHomeViewModel.swift */ = {isa = PBXFileReference; lastKnownFileType = sourcecode.swift; path = MovieHomeViewModel.swift; sourceTree = "<group>"; };
		B9F5C39228304C5700F41B09 /* MovieDetailController.swift */ = {isa = PBXFileReference; lastKnownFileType = sourcecode.swift; path = MovieDetailController.swift; sourceTree = "<group>"; };
		B9F5C39628304CA400F41B09 /* MovieHomeTableViewCell.swift */ = {isa = PBXFileReference; lastKnownFileType = sourcecode.swift; path = MovieHomeTableViewCell.swift; sourceTree = "<group>"; };
/* End PBXFileReference section */

/* Begin PBXFrameworksBuildPhase section */
		B9F5C36B2830441000F41B09 /* Frameworks */ = {
			isa = PBXFrameworksBuildPhase;
			buildActionMask = 2147483647;
			files = (
				B95A86AB28304F0F00BCD87C /* SnapKit in Frameworks */,
				B95A86A828304EFB00BCD87C /* Kingfisher in Frameworks */,
				B95A86A528304EEB00BCD87C /* Alamofire in Frameworks */,
			);
			runOnlyForDeploymentPostprocessing = 0;
		};
/* End PBXFrameworksBuildPhase section */

/* Begin PBXGroup section */
		B9076702283308BA00CDB088 /* Constants */ = {
			isa = PBXGroup;
			children = (
				B9076705283308F500CDB088 /* NetworkContant */,
				B9076703283308D600CDB088 /* Constant.swift */,
			);
			path = Constants;
			sourceTree = "<group>";
		};
		B9076705283308F500CDB088 /* NetworkContant */ = {
			isa = PBXGroup;
			children = (
				B90767062833092900CDB088 /* NetworkConstant.swift */,
			);
			path = NetworkContant;
			sourceTree = "<group>";
		};
		B9C2E1F428382A8200EBAA8F /* Color */ = {
			isa = PBXGroup;
			children = (
				B9C2E1F528382AB000EBAA8F /* Color.swift */,
			);
			path = Color;
			sourceTree = "<group>";
		};
		B9D58EDA28307AFA00BD8025 /* Extensions */ = {
			isa = PBXGroup;
			children = (
				B9D58EDD28307CED00BD8025 /* Home */,
			);
			path = Extensions;
			sourceTree = "<group>";
		};
		B9D58EDD28307CED00BD8025 /* Home */ = {
			isa = PBXGroup;
			children = (
				B9D58EDB28307B3200BD8025 /* NavigationController + Extension.swift */,
			);
			path = Home;
			sourceTree = "<group>";
		};
		B9F5C3652830441000F41B09 = {
			isa = PBXGroup;
			children = (
				B9F5C3702830441000F41B09 /* mp-mvvm-basic-movie-app */,
				B9F5C36F2830441000F41B09 /* Products */,
			);
			sourceTree = "<group>";
		};
		B9F5C36F2830441000F41B09 /* Products */ = {
			isa = PBXGroup;
			children = (
				B9F5C36E2830441000F41B09 /* mp-mvvm-basic-movie-app.app */,
			);
			name = Products;
			sourceTree = "<group>";
		};
		B9F5C3702830441000F41B09 /* mp-mvvm-basic-movie-app */ = {
			isa = PBXGroup;
			children = (
				B9F5C386283044C700F41B09 /* App */,
				B9F5C38A2830454E00F41B09 /* Supports */,
				B9F5C3892830450200F41B09 /* Utilities */,
				B9F5C38B283045E600F41B09 /* Network */,
				B9F5C387283044CF00F41B09 /* Models */,
				B9F5C385283044A300F41B09 /* Resources */,
				B9F5C388283044F100F41B09 /* Scenes */,
			);
			path = "mp-mvvm-basic-movie-app";
			sourceTree = "<group>";
		};
		B9F5C385283044A300F41B09 /* Resources */ = {
			isa = PBXGroup;
			children = (
				B9F5C37C2830441100F41B09 /* LaunchScreen.storyboard */,
				B9F5C37A2830441100F41B09 /* Assets.xcassets */,
			);
			path = Resources;
			sourceTree = "<group>";
		};
		B9F5C386283044C700F41B09 /* App */ = {
			isa = PBXGroup;
			children = (
				B9F5C3712830441000F41B09 /* AppDelegate.swift */,
				B9F5C3732830441000F41B09 /* SceneDelegate.swift */,
			);
			path = App;
			sourceTree = "<group>";
		};
		B9F5C387283044CF00F41B09 /* Models */ = {
			isa = PBXGroup;
			children = (
				B90766FC2833066700CDB088 /* MovieModel.swift */,
				B90766FE2833067500CDB088 /* MovieDetailModel.swift */,
			);
			path = Models;
			sourceTree = "<group>";
		};
		B9F5C388283044F100F41B09 /* Scenes */ = {
			isa = PBXGroup;
			children = (
				B9F5C38C2830484200F41B09 /* Home */,
				B9F5C38D2830484900F41B09 /* Detail */,
			);
			path = Scenes;
			sourceTree = "<group>";
		};
		B9F5C3892830450200F41B09 /* Utilities */ = {
			isa = PBXGroup;
			children = (
				B9C2E1F428382A8200EBAA8F /* Color */,
				B9076702283308BA00CDB088 /* Constants */,
				B9D58EDA28307AFA00BD8025 /* Extensions */,
			);
			path = Utilities;
			sourceTree = "<group>";
		};
		B9F5C38A2830454E00F41B09 /* Supports */ = {
			isa = PBXGroup;
			children = (
				B9F5C37F2830441100F41B09 /* Info.plist */,
			);
			path = Supports;
			sourceTree = "<group>";
		};
		B9F5C38B283045E600F41B09 /* Network */ = {
			isa = PBXGroup;
			children = (
				B90767002833086900CDB088 /* Services.swift */,
			);
			path = Network;
			sourceTree = "<group>";
		};
		B9F5C38C2830484200F41B09 /* Home */ = {
			isa = PBXGroup;
			children = (
				B9F5C38E28304BE700F41B09 /* MovieHomeController.swift */,
				B9F5C39028304C0600F41B09 /* MovieHomeViewModel.swift */,
				B9F5C39628304CA400F41B09 /* MovieHomeTableViewCell.swift */,
			);
			path = Home;
			sourceTree = "<group>";
		};
		B9F5C38D2830484900F41B09 /* Detail */ = {
			isa = PBXGroup;
			children = (
				B9F5C39228304C5700F41B09 /* MovieDetailController.swift */,
			);
			path = Detail;
			sourceTree = "<group>";
		};
/* End PBXGroup section */

/* Begin PBXNativeTarget section */
		B9F5C36D2830441000F41B09 /* mp-mvvm-basic-movie-app */ = {
			isa = PBXNativeTarget;
			buildConfigurationList = B9F5C3822830441100F41B09 /* Build configuration list for PBXNativeTarget "mp-mvvm-basic-movie-app" */;
			buildPhases = (
				B9F5C36A2830441000F41B09 /* Sources */,
				B9F5C36B2830441000F41B09 /* Frameworks */,
				B9F5C36C2830441000F41B09 /* Resources */,
			);
			buildRules = (
			);
			dependencies = (
			);
			name = "mp-mvvm-basic-movie-app";
			packageProductDependencies = (
				B95A86A428304EEB00BCD87C /* Alamofire */,
				B95A86A728304EFB00BCD87C /* Kingfisher */,
				B95A86AA28304F0F00BCD87C /* SnapKit */,
			);
			productName = "mp-mvvm-basic-movie-app";
			productReference = B9F5C36E2830441000F41B09 /* mp-mvvm-basic-movie-app.app */;
			productType = "com.apple.product-type.application";
		};
/* End PBXNativeTarget section */

/* Begin PBXProject section */
		B9F5C3662830441000F41B09 /* Project object */ = {
			isa = PBXProject;
			attributes = {
				BuildIndependentTargetsInParallel = 1;
				LastSwiftUpdateCheck = 1330;
				LastUpgradeCheck = 1330;
				TargetAttributes = {
					B9F5C36D2830441000F41B09 = {
						CreatedOnToolsVersion = 13.3;
					};
				};
			};
			buildConfigurationList = B9F5C3692830441000F41B09 /* Build configuration list for PBXProject "mp-mvvm-basic-movie-app" */;
			compatibilityVersion = "Xcode 13.0";
			developmentRegion = en;
			hasScannedForEncodings = 0;
			knownRegions = (
				en,
				Base,
			);
			mainGroup = B9F5C3652830441000F41B09;
			packageReferences = (
				B95A86A328304EEB00BCD87C /* XCRemoteSwiftPackageReference "Alamofire" */,
				B95A86A628304EFB00BCD87C /* XCRemoteSwiftPackageReference "Kingfisher" */,
				B95A86A928304F0F00BCD87C /* XCRemoteSwiftPackageReference "SnapKit" */,
			);
			productRefGroup = B9F5C36F2830441000F41B09 /* Products */;
			projectDirPath = "";
			projectRoot = "";
			targets = (
				B9F5C36D2830441000F41B09 /* mp-mvvm-basic-movie-app */,
			);
		};
/* End PBXProject section */

/* Begin PBXResourcesBuildPhase section */
		B9F5C36C2830441000F41B09 /* Resources */ = {
			isa = PBXResourcesBuildPhase;
			buildActionMask = 2147483647;
			files = (
				B9F5C37E2830441100F41B09 /* LaunchScreen.storyboard in Resources */,
				B9F5C37B2830441100F41B09 /* Assets.xcassets in Resources */,
			);
			runOnlyForDeploymentPostprocessing = 0;
		};
/* End PBXResourcesBuildPhase section */

/* Begin PBXSourcesBuildPhase section */
		B9F5C36A2830441000F41B09 /* Sources */ = {
			isa = PBXSourcesBuildPhase;
			buildActionMask = 2147483647;
			files = (
				B90767072833092900CDB088 /* NetworkConstant.swift in Sources */,
				B90766FD2833066700CDB088 /* MovieModel.swift in Sources */,
				B9F5C39128304C0600F41B09 /* MovieHomeViewModel.swift in Sources */,
				B9F5C39328304C5700F41B09 /* MovieDetailController.swift in Sources */,
				B9C2E1F628382AB000EBAA8F /* Color.swift in Sources */,
				B9F5C38F28304BE700F41B09 /* MovieHomeController.swift in Sources */,
				B9F5C39728304CA400F41B09 /* MovieHomeTableViewCell.swift in Sources */,
				B9D58EDC28307B3200BD8025 /* NavigationController + Extension.swift in Sources */,
				B9F5C3722830441000F41B09 /* AppDelegate.swift in Sources */,
				B90767012833086900CDB088 /* Services.swift in Sources */,
				B9F5C3742830441000F41B09 /* SceneDelegate.swift in Sources */,
				B90766FF2833067500CDB088 /* MovieDetailModel.swift in Sources */,
				B9076704283308D600CDB088 /* Constant.swift in Sources */,
			);
			runOnlyForDeploymentPostprocessing = 0;
		};
/* End PBXSourcesBuildPhase section */

/* Begin PBXVariantGroup section */
		B9F5C37C2830441100F41B09 /* LaunchScreen.storyboard */ = {
			isa = PBXVariantGroup;
			children = (
				B9F5C37D2830441100F41B09 /* Base */,
			);
			name = LaunchScreen.storyboard;
			sourceTree = "<group>";
		};
/* End PBXVariantGroup section */

/* Begin XCBuildConfiguration section */
		B9F5C3802830441100F41B09 /* Debug */ = {
			isa = XCBuildConfiguration;
			buildSettings = {
				ALWAYS_SEARCH_USER_PATHS = NO;
				CLANG_ANALYZER_NONNULL = YES;
				CLANG_ANALYZER_NUMBER_OBJECT_CONVERSION = YES_AGGRESSIVE;
				CLANG_CXX_LANGUAGE_STANDARD = "gnu++17";
				CLANG_ENABLE_MODULES = YES;
				CLANG_ENABLE_OBJC_ARC = YES;
				CLANG_ENABLE_OBJC_WEAK = YES;
				CLANG_WARN_BLOCK_CAPTURE_AUTORELEASING = YES;
				CLANG_WARN_BOOL_CONVERSION = YES;
				CLANG_WARN_COMMA = YES;
				CLANG_WARN_CONSTANT_CONVERSION = YES;
				CLANG_WARN_DEPRECATED_OBJC_IMPLEMENTATIONS = YES;
				CLANG_WARN_DIRECT_OBJC_ISA_USAGE = YES_ERROR;
				CLANG_WARN_DOCUMENTATION_COMMENTS = YES;
				CLANG_WARN_EMPTY_BODY = YES;
				CLANG_WARN_ENUM_CONVERSION = YES;
				CLANG_WARN_INFINITE_RECURSION = YES;
				CLANG_WARN_INT_CONVERSION = YES;
				CLANG_WARN_NON_LITERAL_NULL_CONVERSION = YES;
				CLANG_WARN_OBJC_IMPLICIT_RETAIN_SELF = YES;
				CLANG_WARN_OBJC_LITERAL_CONVERSION = YES;
				CLANG_WARN_OBJC_ROOT_CLASS = YES_ERROR;
				CLANG_WARN_QUOTED_INCLUDE_IN_FRAMEWORK_HEADER = YES;
				CLANG_WARN_RANGE_LOOP_ANALYSIS = YES;
				CLANG_WARN_STRICT_PROTOTYPES = YES;
				CLANG_WARN_SUSPICIOUS_MOVE = YES;
				CLANG_WARN_UNGUARDED_AVAILABILITY = YES_AGGRESSIVE;
				CLANG_WARN_UNREACHABLE_CODE = YES;
				CLANG_WARN__DUPLICATE_METHOD_MATCH = YES;
				COPY_PHASE_STRIP = NO;
				DEBUG_INFORMATION_FORMAT = dwarf;
				ENABLE_STRICT_OBJC_MSGSEND = YES;
				ENABLE_TESTABILITY = YES;
				GCC_C_LANGUAGE_STANDARD = gnu11;
				GCC_DYNAMIC_NO_PIC = NO;
				GCC_NO_COMMON_BLOCKS = YES;
				GCC_OPTIMIZATION_LEVEL = 0;
				GCC_PREPROCESSOR_DEFINITIONS = (
					"DEBUG=1",
					"$(inherited)",
				);
				GCC_WARN_64_TO_32_BIT_CONVERSION = YES;
				GCC_WARN_ABOUT_RETURN_TYPE = YES_ERROR;
				GCC_WARN_UNDECLARED_SELECTOR = YES;
				GCC_WARN_UNINITIALIZED_AUTOS = YES_AGGRESSIVE;
				GCC_WARN_UNUSED_FUNCTION = YES;
				GCC_WARN_UNUSED_VARIABLE = YES;
				IPHONEOS_DEPLOYMENT_TARGET = 15.4;
				MTL_ENABLE_DEBUG_INFO = INCLUDE_SOURCE;
				MTL_FAST_MATH = YES;
				ONLY_ACTIVE_ARCH = YES;
				SDKROOT = iphoneos;
				SWIFT_ACTIVE_COMPILATION_CONDITIONS = DEBUG;
				SWIFT_OPTIMIZATION_LEVEL = "-Onone";
			};
			name = Debug;
		};
		B9F5C3812830441100F41B09 /* Release */ = {
			isa = XCBuildConfiguration;
			buildSettings = {
				ALWAYS_SEARCH_USER_PATHS = NO;
				CLANG_ANALYZER_NONNULL = YES;
				CLANG_ANALYZER_NUMBER_OBJECT_CONVERSION = YES_AGGRESSIVE;
				CLANG_CXX_LANGUAGE_STANDARD = "gnu++17";
				CLANG_ENABLE_MODULES = YES;
				CLANG_ENABLE_OBJC_ARC = YES;
				CLANG_ENABLE_OBJC_WEAK = YES;
				CLANG_WARN_BLOCK_CAPTURE_AUTORELEASING = YES;
				CLANG_WARN_BOOL_CONVERSION = YES;
				CLANG_WARN_COMMA = YES;
				CLANG_WARN_CONSTANT_CONVERSION = YES;
				CLANG_WARN_DEPRECATED_OBJC_IMPLEMENTATIONS = YES;
				CLANG_WARN_DIRECT_OBJC_ISA_USAGE = YES_ERROR;
				CLANG_WARN_DOCUMENTATION_COMMENTS = YES;
				CLANG_WARN_EMPTY_BODY = YES;
				CLANG_WARN_ENUM_CONVERSION = YES;
				CLANG_WARN_INFINITE_RECURSION = YES;
				CLANG_WARN_INT_CONVERSION = YES;
				CLANG_WARN_NON_LITERAL_NULL_CONVERSION = YES;
				CLANG_WARN_OBJC_IMPLICIT_RETAIN_SELF = YES;
				CLANG_WARN_OBJC_LITERAL_CONVERSION = YES;
				CLANG_WARN_OBJC_ROOT_CLASS = YES_ERROR;
				CLANG_WARN_QUOTED_INCLUDE_IN_FRAMEWORK_HEADER = YES;
				CLANG_WARN_RANGE_LOOP_ANALYSIS = YES;
				CLANG_WARN_STRICT_PROTOTYPES = YES;
				CLANG_WARN_SUSPICIOUS_MOVE = YES;
				CLANG_WARN_UNGUARDED_AVAILABILITY = YES_AGGRESSIVE;
				CLANG_WARN_UNREACHABLE_CODE = YES;
				CLANG_WARN__DUPLICATE_METHOD_MATCH = YES;
				COPY_PHASE_STRIP = NO;
				DEBUG_INFORMATION_FORMAT = "dwarf-with-dsym";
				ENABLE_NS_ASSERTIONS = NO;
				ENABLE_STRICT_OBJC_MSGSEND = YES;
				GCC_C_LANGUAGE_STANDARD = gnu11;
				GCC_NO_COMMON_BLOCKS = YES;
				GCC_WARN_64_TO_32_BIT_CONVERSION = YES;
				GCC_WARN_ABOUT_RETURN_TYPE = YES_ERROR;
				GCC_WARN_UNDECLARED_SELECTOR = YES;
				GCC_WARN_UNINITIALIZED_AUTOS = YES_AGGRESSIVE;
				GCC_WARN_UNUSED_FUNCTION = YES;
				GCC_WARN_UNUSED_VARIABLE = YES;
				IPHONEOS_DEPLOYMENT_TARGET = 15.4;
				MTL_ENABLE_DEBUG_INFO = NO;
				MTL_FAST_MATH = YES;
				SDKROOT = iphoneos;
				SWIFT_COMPILATION_MODE = wholemodule;
				SWIFT_OPTIMIZATION_LEVEL = "-O";
				VALIDATE_PRODUCT = YES;
			};
			name = Release;
		};
		B9F5C3832830441100F41B09 /* Debug */ = {
			isa = XCBuildConfiguration;
			buildSettings = {
				ASSETCATALOG_COMPILER_APPICON_NAME = AppIcon;
				ASSETCATALOG_COMPILER_GLOBAL_ACCENT_COLOR_NAME = AccentColor;
				CODE_SIGN_STYLE = Automatic;
				CURRENT_PROJECT_VERSION = 1;
				DEVELOPMENT_TEAM = 9Y58TRUZ8U;
				GENERATE_INFOPLIST_FILE = YES;
				INFOPLIST_FILE = "mp-mvvm-basic-movie-app/Supports/Info.plist";
				INFOPLIST_KEY_UIApplicationSupportsIndirectInputEvents = YES;
				INFOPLIST_KEY_UILaunchStoryboardName = LaunchScreen;
				INFOPLIST_KEY_UISupportedInterfaceOrientations_iPad = "UIInterfaceOrientationPortrait UIInterfaceOrientationPortraitUpsideDown UIInterfaceOrientationLandscapeLeft UIInterfaceOrientationLandscapeRight";
				INFOPLIST_KEY_UISupportedInterfaceOrientations_iPhone = "UIInterfaceOrientationPortrait UIInterfaceOrientationLandscapeLeft UIInterfaceOrientationLandscapeRight";
				LD_RUNPATH_SEARCH_PATHS = (
					"$(inherited)",
					"@executable_path/Frameworks",
				);
				MARKETING_VERSION = 1.0;
				PRODUCT_BUNDLE_IDENTIFIER = "com.arslankaanaydin.mp-mvvm-basic-movie-app";
				PRODUCT_NAME = "$(TARGET_NAME)";
				SWIFT_EMIT_LOC_STRINGS = YES;
				SWIFT_VERSION = 5.0;
				TARGETED_DEVICE_FAMILY = "1,2";
			};
			name = Debug;
		};
		B9F5C3842830441100F41B09 /* Release */ = {
			isa = XCBuildConfiguration;
			buildSettings = {
				ASSETCATALOG_COMPILER_APPICON_NAME = AppIcon;
				ASSETCATALOG_COMPILER_GLOBAL_ACCENT_COLOR_NAME = AccentColor;
				CODE_SIGN_STYLE = Automatic;
				CURRENT_PROJECT_VERSION = 1;
				DEVELOPMENT_TEAM = 9Y58TRUZ8U;
				GENERATE_INFOPLIST_FILE = YES;
				INFOPLIST_FILE = "mp-mvvm-basic-movie-app/Supports/Info.plist";
				INFOPLIST_KEY_UIApplicationSupportsIndirectInputEvents = YES;
				INFOPLIST_KEY_UILaunchStoryboardName = LaunchScreen;
				INFOPLIST_KEY_UISupportedInterfaceOrientations_iPad = "UIInterfaceOrientationPortrait UIInterfaceOrientationPortraitUpsideDown UIInterfaceOrientationLandscapeLeft UIInterfaceOrientationLandscapeRight";
				INFOPLIST_KEY_UISupportedInterfaceOrientations_iPhone = "UIInterfaceOrientationPortrait UIInterfaceOrientationLandscapeLeft UIInterfaceOrientationLandscapeRight";
				LD_RUNPATH_SEARCH_PATHS = (
					"$(inherited)",
					"@executable_path/Frameworks",
				);
				MARKETING_VERSION = 1.0;
				PRODUCT_BUNDLE_IDENTIFIER = "com.arslankaanaydin.mp-mvvm-basic-movie-app";
				PRODUCT_NAME = "$(TARGET_NAME)";
				SWIFT_EMIT_LOC_STRINGS = YES;
				SWIFT_VERSION = 5.0;
				TARGETED_DEVICE_FAMILY = "1,2";
			};
			name = Release;
		};
/* End XCBuildConfiguration section */

/* Begin XCConfigurationList section */
		B9F5C3692830441000F41B09 /* Build configuration list for PBXProject "mp-mvvm-basic-movie-app" */ = {
			isa = XCConfigurationList;
			buildConfigurations = (
				B9F5C3802830441100F41B09 /* Debug */,
				B9F5C3812830441100F41B09 /* Release */,
			);
			defaultConfigurationIsVisible = 0;
			defaultConfigurationName = Release;
		};
		B9F5C3822830441100F41B09 /* Build configuration list for PBXNativeTarget "mp-mvvm-basic-movie-app" */ = {
			isa = XCConfigurationList;
			buildConfigurations = (
				B9F5C3832830441100F41B09 /* Debug */,
				B9F5C3842830441100F41B09 /* Release */,
			);
			defaultConfigurationIsVisible = 0;
			defaultConfigurationName = Release;
		};
/* End XCConfigurationList section */

/* Begin XCRemoteSwiftPackageReference section */
		B95A86A328304EEB00BCD87C /* XCRemoteSwiftPackageReference "Alamofire" */ = {
			isa = XCRemoteSwiftPackageReference;
			repositoryURL = "https://github.com/Alamofire/Alamofire.git";
			requirement = {
				kind = upToNextMajorVersion;
				minimumVersion = 5.0.0;
			};
		};
		B95A86A628304EFB00BCD87C /* XCRemoteSwiftPackageReference "Kingfisher" */ = {
			isa = XCRemoteSwiftPackageReference;
			repositoryURL = "https://github.com/onevcat/Kingfisher.git";
			requirement = {
				branch = master;
				kind = branch;
			};
		};
		B95A86A928304F0F00BCD87C /* XCRemoteSwiftPackageReference "SnapKit" */ = {
			isa = XCRemoteSwiftPackageReference;
			repositoryURL = "https://github.com/SnapKit/SnapKit.git";
			requirement = {
				branch = develop;
				kind = branch;
			};
		};
/* End XCRemoteSwiftPackageReference section */

/* Begin XCSwiftPackageProductDependency section */
		B95A86A428304EEB00BCD87C /* Alamofire */ = {
			isa = XCSwiftPackageProductDependency;
			package = B95A86A328304EEB00BCD87C /* XCRemoteSwiftPackageReference "Alamofire" */;
			productName = Alamofire;
		};
		B95A86A728304EFB00BCD87C /* Kingfisher */ = {
			isa = XCSwiftPackageProductDependency;
			package = B95A86A628304EFB00BCD87C /* XCRemoteSwiftPackageReference "Kingfisher" */;
			productName = Kingfisher;
		};
		B95A86AA28304F0F00BCD87C /* SnapKit */ = {
			isa = XCSwiftPackageProductDependency;
			package = B95A86A928304F0F00BCD87C /* XCRemoteSwiftPackageReference "SnapKit" */;
			productName = SnapKit;
		};
/* End XCSwiftPackageProductDependency section */
	};
	rootObject = B9F5C3662830441000F41B09 /* Project object */;
}
